<?xml version="1.0" encoding="utf-8"?>
<Project ToolsVersion="4.0" xmlns="http://schemas.microsoft.com/developer/msbuild/2003">
  <ItemGroup>
    <Filter Include="Source Files">
      <UniqueIdentifier>{4FC737F1-C7A5-4376-A066-2A32D752A2FF}</UniqueIdentifier>
      <Extensions>cpp;c;cc;cxx;def;odl;idl;hpj;bat;asm;asmx</Extensions>
    </Filter>
    <Filter Include="Header Files">
      <UniqueIdentifier>{93995380-89BD-4b04-88EB-625FBE52EBFB}</UniqueIdentifier>
      <Extensions>h;hh;hpp;hxx;hm;inl;inc;xsd</Extensions>
    </Filter>
    <Filter Include="Resource Files">
      <UniqueIdentifier>{67DA6AB6-F800-4c08-8B7A-83BB121AAD01}</UniqueIdentifier>
      <Extensions>rc;ico;cur;bmp;dlg;rc2;rct;bin;rgs;gif;jpg;jpeg;jpe;resx;tiff;tif;png;wav;mfcribbon-ms</Extensions>
    </Filter>
    <Filter Include="Source Files\skybox_textures">
      <UniqueIdentifier>{3670b7f8-8b24-405d-a784-6a7ebafd775a}</UniqueIdentifier>
    </Filter>
    <Filter Include="Source Files\GameStates">
      <UniqueIdentifier>{65d9220f-47b6-4c16-a04c-242d7bc5d655}</UniqueIdentifier>
    </Filter>
  </ItemGroup>
  <ItemGroup>
    <ClCompile Include="main.cpp">
      <Filter>Source Files</Filter>
    </ClCompile>
    <ClCompile Include="Game.cpp">
      <Filter>Source Files</Filter>
    </ClCompile>
    <ClCompile Include="RenderingSystem.cpp">
      <Filter>Source Files</Filter>
    </ClCompile>
    <ClCompile Include="Mesh.cpp">
      <Filter>Source Files</Filter>
    </ClCompile>
    <ClCompile Include="Model.cpp">
      <Filter>Source Files</Filter>
    </ClCompile>
    <ClCompile Include="Skybox.cpp">
      <Filter>Source Files</Filter>
    </ClCompile>
    <ClCompile Include="Texture.cpp">
      <Filter>Source Files</Filter>
    </ClCompile>
    <ClCompile Include="GameWorld.cpp">
      <Filter>Source Files</Filter>
    </ClCompile>
    <ClCompile Include="Player.cpp">
      <Filter>Source Files</Filter>
    </ClCompile>
    <ClCompile Include="Light.cpp">
      <Filter>Source Files</Filter>
    </ClCompile>
    <ClCompile Include="SoundManager.cpp">
      <Filter>Source Files</Filter>
    </ClCompile>
    <ClCompile Include="GameObject.cpp">
      <Filter>Source Files</Filter>
    </ClCompile>
    <ClCompile Include="Material.cpp">
      <Filter>Source Files</Filter>
    </ClCompile>
    <ClCompile Include="InGameState.cpp">
      <Filter>Source Files\GameStates</Filter>
    </ClCompile>
    <ClCompile Include="MenuState.cpp">
      <Filter>Source Files\GameStates</Filter>
    </ClCompile>
    <ClCompile Include="PauseState.cpp">
      <Filter>Source Files\GameStates</Filter>
    </ClCompile>
    <ClCompile Include="ResourceManager.cpp">
      <Filter>Source Files</Filter>
    </ClCompile>
    <ClCompile Include="Vehicle.cpp">
      <Filter>Source Files</Filter>
    </ClCompile>
    <ClCompile Include="PhysicsDebugDrawer.cpp">
      <Filter>Source Files</Filter>
    </ClCompile>
    <ClCompile Include="tiny_obj_loader.cc">
      <Filter>Source Files</Filter>
    </ClCompile>
    <ClCompile Include="GameData.cpp">
      <Filter>Source Files</Filter>
    </ClCompile>
    <ClCompile Include="RpfFile.cpp">
      <Filter>Source Files</Filter>
    </ClCompile>
    <ClCompile Include="YdrLoader.cpp">
      <Filter>Source Files</Filter>
    </ClCompile>
    <ClCompile Include="YmapLoader.cpp">
      <Filter>Source Files</Filter>
    </ClCompile>
    <ClCompile Include="GTAEncryption.cpp">
      <Filter>Source Files</Filter>
    </ClCompile>
    <ClCompile Include="InputManager.cpp">
      <Filter>Source Files</Filter>
    </ClCompile>
    <ClCompile Include="YndLoader.cpp">
      <Filter>Source Files</Filter>
    </ClCompile>
    <ClCompile Include="YddLoader.cpp">
      <Filter>Source Files</Filter>
    </ClCompile>
    <ClCompile Include="YbnLoader.cpp">
      <Filter>Source Files</Filter>
    </ClCompile>
    <ClCompile Include="aes.c">
      <Filter>Header Files</Filter>
    </ClCompile>
    <ClCompile Include="TextureManager.cpp">
      <Filter>Source Files</Filter>
    </ClCompile>
    <ClCompile Include="CacheDatFile.cpp">
      <Filter>Source Files</Filter>
    </ClCompile>
    <ClCompile Include="SpaceGrid.cpp">
      <Filter>Source Files</Filter>
    </ClCompile>
    <ClCompile Include="YtdLoader.cpp">
      <Filter>Source Files</Filter>
    </ClCompile>
    <ClCompile Include="tinyxml2.cpp">
      <Filter>Source Files</Filter>
    </ClCompile>
    <ClCompile Include="nv_dds.cpp">
      <Filter>Source Files</Filter>
    </ClCompile>
    <ClCompile Include="YtypLoader.cpp">
      <Filter>Source Files</Filter>
    </ClCompile>
  </ItemGroup>
  <ItemGroup>
    <ClInclude Include="Game.h">
      <Filter>Header Files</Filter>
    </ClInclude>
    <ClInclude Include="RenderingSystem.h">
      <Filter>Header Files</Filter>
    </ClInclude>
    <ClInclude Include="Mesh.h">
      <Filter>Header Files</Filter>
    </ClInclude>
    <ClInclude Include="Model.h">
      <Filter>Header Files</Filter>
    </ClInclude>
    <ClInclude Include="Camera.h">
      <Filter>Header Files</Filter>
    </ClInclude>
    <ClInclude Include="Shader.h">
      <Filter>Header Files</Filter>
    </ClInclude>
    <ClInclude Include="Skybox.h">
      <Filter>Header Files</Filter>
    </ClInclude>
    <ClInclude Include="stb_image.h">
      <Filter>Header Files</Filter>
    </ClInclude>
    <ClInclude Include="Texture.h">
      <Filter>Header Files</Filter>
    </ClInclude>
    <ClInclude Include="tiny_obj_loader.h">
      <Filter>Header Files</Filter>
    </ClInclude>
    <ClInclude Include="GameWorld.h">
      <Filter>Header Files</Filter>
    </ClInclude>
    <ClInclude Include="Player.h">
      <Filter>Header Files</Filter>
    </ClInclude>
    <ClInclude Include="Light.h">
      <Filter>Header Files</Filter>
    </ClInclude>
    <ClInclude Include="State.h">
      <Filter>Header Files</Filter>
    </ClInclude>
    <ClInclude Include="StateManager.h">
      <Filter>Header Files</Filter>
    </ClInclude>
    <ClInclude Include="InGameState.h">
      <Filter>Header Files</Filter>
    </ClInclude>
    <ClInclude Include="MenuState.h">
      <Filter>Header Files</Filter>
    </ClInclude>
    <ClInclude Include="SoundManager.h">
      <Filter>Header Files</Filter>
    </ClInclude>
    <ClInclude Include="GameObject.h">
      <Filter>Header Files</Filter>
    </ClInclude>
    <ClInclude Include="Material.h">
      <Filter>Header Files</Filter>
    </ClInclude>
    <ClInclude Include="PauseState.h">
      <Filter>Header Files</Filter>
    </ClInclude>
    <ClInclude Include="ResourceManager.h">
      <Filter>Header Files</Filter>
    </ClInclude>
    <ClInclude Include="Vehicle.h">
      <Filter>Header Files</Filter>
    </ClInclude>
    <ClInclude Include="PhysicsDebugDrawer.h">
      <Filter>Header Files</Filter>
    </ClInclude>
    <ClInclude Include="GameData.h">
      <Filter>Header Files</Filter>
    </ClInclude>
    <ClInclude Include="RpfFile.h">
      <Filter>Header Files</Filter>
    </ClInclude>
    <ClInclude Include="YdrLoader.h">
      <Filter>Header Files</Filter>
    </ClInclude>
    <ClInclude Include="YmapLoader.h">
      <Filter>Header Files</Filter>
    </ClInclude>
    <ClInclude Include="GTAEncryption.h">
      <Filter>Header Files</Filter>
    </ClInclude>
    <ClInclude Include="RpfEntry.h">
      <Filter>Header Files</Filter>
    </ClInclude>
    <ClInclude Include="membuf.h">
      <Filter>Header Files</Filter>
    </ClInclude>
    <ClInclude Include="InputManager.h">
      <Filter>Header Files</Filter>
    </ClInclude>
    <ClInclude Include="YndLoader.h">
      <Filter>Header Files</Filter>
    </ClInclude>
    <ClInclude Include="YddLoader.h">
      <Filter>Header Files</Filter>
    </ClInclude>
    <ClInclude Include="YbnLoader.h">
      <Filter>Header Files</Filter>
    </ClInclude>
    <ClInclude Include="aes.hpp">
      <Filter>Header Files</Filter>
    </ClInclude>
    <ClInclude Include="aes.h">
      <Filter>Header Files</Filter>
    </ClInclude>
    <ClInclude Include="TextureManager.h">
      <Filter>Header Files</Filter>
    </ClInclude>
    <ClInclude Include="CacheDatFile.h">
      <Filter>Header Files</Filter>
    </ClInclude>
    <ClInclude Include="SpaceGrid.h">
      <Filter>Header Files</Filter>
    </ClInclude>
    <ClInclude Include="YtdLoader.h">
      <Filter>Header Files</Filter>
    </ClInclude>
    <ClInclude Include="tinyxml2.h">
      <Filter>Header Files</Filter>
    </ClInclude>
    <ClInclude Include="nv_dds.h">
      <Filter>Header Files</Filter>
    </ClInclude>
    <ClInclude Include="YtypLoader.h">
      <Filter>Header Files</Filter>
    </ClInclude>
  </ItemGroup>
  <ItemGroup>
    <Text Include="skybox.vs">
      <Filter>Source Files</Filter>
    </Text>
    <Text Include="TODO.txt">
      <Filter>Source Files</Filter>
    </Text>
  </ItemGroup>
  <ItemGroup>
    <None Include="skybox.fs">
      <Filter>Source Files</Filter>
    </None>
    <None Include="forward.fs">
      <Filter>Source Files</Filter>
    </None>
    <None Include="forward.vs">
      <Filter>Source Files</Filter>
    </None>
    <None Include="gbuffer.vs">
      <Filter>Source Files</Filter>
    </None>
    <None Include="gbuffer.fs">
      <Filter>Source Files</Filter>
    </None>
    <None Include="gbufferLighting.vs">
      <Filter>Source Files</Filter>
    </None>
    <None Include="gbufferLighting.fs">
      <Filter>Source Files</Filter>
    </None>
    <None Include="DepthTexture.vs">
      <Filter>Source Files</Filter>
    </None>
    <None Include="DepthTexture.fs">
      <Filter>Source Files</Filter>
    </None>
    <None Include="debug_quad.vs">
      <Filter>Source Files</Filter>
    </None>
    <None Include="debug_quad.fs">
      <Filter>Source Files</Filter>
    </None>
    <None Include="ssao.vs">
      <Filter>Source Files</Filter>
    </None>
    <None Include="ssao.fs">
      <Filter>Source Files</Filter>
    </None>
    <None Include="ssao_blur.vs">
      <Filter>Source Files</Filter>
    </None>
    <None Include="ssao_blur.fs">
      <Filter>Source Files</Filter>
    </None>
    <None Include="hdrShader.vs">
      <Filter>Source Files</Filter>
    </None>
    <None Include="hdrShader.fs">
      <Filter>Source Files</Filter>
    </None>
  </ItemGroup>
  <ItemGroup>
    <Image Include="skybox_textures\back.jpg">
      <Filter>Source Files\skybox_textures</Filter>
    </Image>
    <Image Include="skybox_textures\bottom.jpg">
      <Filter>Source Files\skybox_textures</Filter>
    </Image>
    <Image Include="skybox_textures\front.jpg">
      <Filter>Source Files\skybox_textures</Filter>
    </Image>
    <Image Include="skybox_textures\left.jpg">
      <Filter>Source Files\skybox_textures</Filter>
    </Image>
    <Image Include="skybox_textures\right.jpg">
      <Filter>Source Files\skybox_textures</Filter>
    </Image>
    <Image Include="skybox_textures\top.jpg">
      <Filter>Source Files\skybox_textures</Filter>
    </Image>
  </ItemGroup>
</Project>